// !$*UTF8*$!
{
	archiveVersion = 1;
	classes = {
	};
	objectVersion = 46;
	objects = {

/* Begin PBXBuildFile section */
		D3366BAA1EB62FBF00E2B81A /* AppDelegate.swift in Sources */ = {isa = PBXBuildFile; fileRef = D3366BA91EB62FBF00E2B81A /* AppDelegate.swift */; };
		D3366BAC1EB62FBF00E2B81A /* ViewController.swift in Sources */ = {isa = PBXBuildFile; fileRef = D3366BAB1EB62FBF00E2B81A /* ViewController.swift */; };
		D3366BAF1EB62FBF00E2B81A /* Main.storyboard in Resources */ = {isa = PBXBuildFile; fileRef = D3366BAD1EB62FBF00E2B81A /* Main.storyboard */; };
		D3366BB21EB62FBF00E2B81A /* Soundboard.xcdatamodeld in Sources */ = {isa = PBXBuildFile; fileRef = D3366BB01EB62FBF00E2B81A /* Soundboard.xcdatamodeld */; };
		D3366BB41EB62FBF00E2B81A /* Assets.xcassets in Resources */ = {isa = PBXBuildFile; fileRef = D3366BB31EB62FBF00E2B81A /* Assets.xcassets */; };
		D3366BB71EB62FBF00E2B81A /* LaunchScreen.storyboard in Resources */ = {isa = PBXBuildFile; fileRef = D3366BB51EB62FBF00E2B81A /* LaunchScreen.storyboard */; };
/* End PBXBuildFile section */

/* Begin PBXFileReference section */
		D3366BA61EB62FBF00E2B81A /* Soundboard.app */ = {isa = PBXFileReference; explicitFileType = wrapper.application; includeInIndex = 0; path = Soundboard.app; sourceTree = BUILT_PRODUCTS_DIR; };
		D3366BA91EB62FBF00E2B81A /* AppDelegate.swift */ = {isa = PBXFileReference; lastKnownFileType = sourcecode.swift; path = AppDelegate.swift; sourceTree = "<group>"; };
		D3366BAB1EB62FBF00E2B81A /* ViewController.swift */ = {isa = PBXFileReference; lastKnownFileType = sourcecode.swift; path = ViewController.swift; sourceTree = "<group>"; };
		D3366BAE1EB62FBF00E2B81A /* Base */ = {isa = PBXFileReference; lastKnownFileType = file.storyboard; name = Base; path = Base.lproj/Main.storyboard; sourceTree = "<group>"; };
		D3366BB11EB62FBF00E2B81A /* Soundboard.xcdatamodel */ = {isa = PBXFileReference; lastKnownFileType = wrapper.xcdatamodel; path = Soundboard.xcdatamodel; sourceTree = "<group>"; };
		D3366BB31EB62FBF00E2B81A /* Assets.xcassets */ = {isa = PBXFileReference; lastKnownFileType = folder.assetcatalog; path = Assets.xcassets; sourceTree = "<group>"; };
		D3366BB61EB62FBF00E2B81A /* Base */ = {isa = PBXFileReference; lastKnownFileType = file.storyboard; name = Base; path = Base.lproj/LaunchScreen.storyboard; sourceTree = "<group>"; };
		D3366BB81EB62FBF00E2B81A /* Info.plist */ = {isa = PBXFileReference; lastKnownFileType = text.plist.xml; path = Info.plist; sourceTree = "<group>"; };
/* End PBXFileReference section */

/* Begin PBXFrameworksBuildPhase section */
		D3366BA31EB62FBF00E2B81A /* Frameworks */ = {
			isa = PBXFrameworksBuildPhase;
			buildActionMask = 2147483647;
			files = (
			);
			runOnlyForDeploymentPostprocessing = 0;
		};
/* End PBXFrameworksBuildPhase section */

/* Begin PBXGroup section */
		D3366B9D1EB62FBF00E2B81A = {
			isa = PBXGroup;
			children = (
				D3366BA81EB62FBF00E2B81A /* Soundboard */,
				D3366BA71EB62FBF00E2B81A /* Products */,
			);
			sourceTree = "<group>";
		};
		D3366BA71EB62FBF00E2B81A /* Products */ = {
			isa = PBXGroup;
			children = (
				D3366BA61EB62FBF00E2B81A /* Soundboard.app */,
			);
			name = Products;
			sourceTree = "<group>";
		};
		D3366BA81EB62FBF00E2B81A /* Soundboard */ = {
			isa = PBXGroup;
			children = (
				D3366BA91EB62FBF00E2B81A /* AppDelegate.swift */,
				D3366BAB1EB62FBF00E2B81A /* ViewController.swift */,
				D3366BAD1EB62FBF00E2B81A /* Main.storyboard */,
				D3366BB31EB62FBF00E2B81A /* Assets.xcassets */,
				D3366BB51EB62FBF00E2B81A /* LaunchScreen.storyboard */,
				D3366BB81EB62FBF00E2B81A /* Info.plist */,
				D3366BB01EB62FBF00E2B81A /* Soundboard.xcdatamodeld */,
			);
			path = Soundboard;
			sourceTree = "<group>";
		};
/* End PBXGroup section */

/* Begin PBXNativeTarget section */
		D3366BA51EB62FBF00E2B81A /* Soundboard */ = {
			isa = PBXNativeTarget;
			buildConfigurationList = D3366BBB1EB62FBF00E2B81A /* Build configuration list for PBXNativeTarget "Soundboard" */;
			buildPhases = (
				D3366BA21EB62FBF00E2B81A /* Sources */,
				D3366BA31EB62FBF00E2B81A /* Frameworks */,
				D3366BA41EB62FBF00E2B81A /* Resources */,
			);
			buildRules = (
			);
			dependencies = (
			);
			name = Soundboard;
			productName = Soundboard;
			productReference = D3366BA61EB62FBF00E2B81A /* Soundboard.app */;
			productType = "com.apple.product-type.application";
		};
/* End PBXNativeTarget section */

/* Begin PBXProject section */
		D3366B9E1EB62FBF00E2B81A /* Project object */ = {
			isa = PBXProject;
			attributes = {
				LastSwiftUpdateCheck = 0830;
				LastUpgradeCheck = 0830;
				ORGANIZATIONNAME = "Laura van der Stee";
				TargetAttributes = {
					D3366BA51EB62FBF00E2B81A = {
						CreatedOnToolsVersion = 8.3.1;
						DevelopmentTeam = XYXUBB6DQ5;
						ProvisioningStyle = Automatic;
					};
				};
			};
			buildConfigurationList = D3366BA11EB62FBF00E2B81A /* Build configuration list for PBXProject "Soundboard" */;
			compatibilityVersion = "Xcode 3.2";
			developmentRegion = English;
			hasScannedForEncodings = 0;
			knownRegions = (
				en,
				Base,
			);
			mainGroup = D3366B9D1EB62FBF00E2B81A;
			productRefGroup = D3366BA71EB62FBF00E2B81A /* Products */;
			projectDirPath = "";
			projectRoot = "";
			targets = (
				D3366BA51EB62FBF00E2B81A /* Soundboard */,
			);
		};
/* End PBXProject section */

/* Begin PBXResourcesBuildPhase section */
		D3366BA41EB62FBF00E2B81A /* Resources */ = {
			isa = PBXResourcesBuildPhase;
			buildActionMask = 2147483647;
			files = (
				D3366BB71EB62FBF00E2B81A /* LaunchScreen.storyboard in Resources */,
				D3366BB41EB62FBF00E2B81A /* Assets.xcassets in Resources */,
				D3366BAF1EB62FBF00E2B81A /* Main.storyboard in Resources */,
			);
			runOnlyForDeploymentPostprocessing = 0;
		};
/* End PBXResourcesBuildPhase section */

/* Begin PBXSourcesBuildPhase section */
		D3366BA21EB62FBF00E2B81A /* Sources */ = {
			isa = PBXSourcesBuildPhase;
			buildActionMask = 2147483647;
			files = (
				D3366BAC1EB62FBF00E2B81A /* ViewController.swift in Sources */,
				D3366BB21EB62FBF00E2B81A /* Soundboard.xcdatamodeld in Sources */,
				D3366BAA1EB62FBF00E2B81A /* AppDelegate.swift in Sources */,
			);
			runOnlyForDeploymentPostprocessing = 0;
		};
/* End PBXSourcesBuildPhase section */

/* Begin PBXVariantGroup section */
		D3366BAD1EB62FBF00E2B81A /* Main.storyboard */ = {
			isa = PBXVariantGroup;
			children = (
				D3366BAE1EB62FBF00E2B81A /* Base */,
			);
			name = Main.storyboard;
			sourceTree = "<group>";
		};
		D3366BB51EB62FBF00E2B81A /* LaunchScreen.storyboard */ = {
			isa = PBXVariantGroup;
			children = (
				D3366BB61EB62FBF00E2B81A /* Base */,
			);
			name = LaunchScreen.storyboard;
			sourceTree = "<group>";
		};
/* End PBXVariantGroup section */

/* Begin XCBuildConfiguration section */
		D3366BB91EB62FBF00E2B81A /* Debug */ = {
			isa = XCBuildConfiguration;
			buildSettings = {
				ALWAYS_SEARCH_USER_PATHS = NO;
				CLANG_ANALYZER_NONNULL = YES;
				CLANG_ANALYZER_NUMBER_OBJECT_CONVERSION = YES_AGGRESSIVE;
				CLANG_CXX_LANGUAGE_STANDARD = "gnu++0x";
				CLANG_CXX_LIBRARY = "libc++";
				CLANG_ENABLE_MODULES = YES;
				CLANG_ENABLE_OBJC_ARC = YES;
				CLANG_WARN_BOOL_CONVERSION = YES;
				CLANG_WARN_CONSTANT_CONVERSION = YES;
				CLANG_WARN_DIRECT_OBJC_ISA_USAGE = YES_ERROR;
				CLANG_WARN_DOCUMENTATION_COMMENTS = YES;
				CLANG_WARN_EMPTY_BODY = YES;
				CLANG_WARN_ENUM_CONVERSION = YES;
				CLANG_WARN_INFINITE_RECURSION = YES;
				CLANG_WARN_INT_CONVERSION = YES;
				CLANG_WARN_OBJC_ROOT_CLASS = YES_ERROR;
				CLANG_WARN_SUSPICIOUS_MOVE = YES;
				CLANG_WARN_UNREACHABLE_CODE = YES;
				CLANG_WARN__DUPLICATE_METHOD_MATCH = YES;
				"CODE_SIGN_IDENTITY[sdk=iphoneos*]" = "iPhone Developer";
				COPY_PHASE_STRIP = NO;
				DEBUG_INFORMATION_FORMAT = dwarf;
				ENABLE_STRICT_OBJC_MSGSEND = YES;
				ENABLE_TESTABILITY = YES;
				GCC_C_LANGUAGE_STANDARD = gnu99;
				GCC_DYNAMIC_NO_PIC = NO;
				GCC_NO_COMMON_BLOCKS = YES;
				GCC_OPTIMIZATION_LEVEL = 0;
				GCC_PREPROCESSOR_DEFINITIONS = (
					"DEBUG=1",
					"$(inherited)",
				);
				GCC_WARN_64_TO_32_BIT_CONVERSION = YES;
				GCC_WARN_ABOUT_RETURN_TYPE = YES_ERROR;
				GCC_WARN_UNDECLARED_SELECTOR = YES;
				GCC_WARN_UNINITIALIZED_AUTOS = YES_AGGRESSIVE;
				GCC_WARN_UNUSED_FUNCTION = YES;
				GCC_WARN_UNUSED_VARIABLE = YES;
				IPHONEOS_DEPLOYMENT_TARGET = 10.3;
				MTL_ENABLE_DEBUG_INFO = YES;
				ONLY_ACTIVE_ARCH = YES;
				SDKROOT = iphoneos;
				SWIFT_ACTIVE_COMPILATION_CONDITIONS = DEBUG;
				SWIFT_OPTIMIZATION_LEVEL = "-Onone";
				TARGETED_DEVICE_FAMILY = "1,2";
			};
			name = Debug;
		};
		D3366BBA1EB62FBF00E2B81A /* Release */ = {
			isa = XCBuildConfiguration;
			buildSettings = {
				ALWAYS_SEARCH_USER_PATHS = NO;
				CLANG_ANALYZER_NONNULL = YES;
				CLANG_ANALYZER_NUMBER_OBJECT_CONVERSION = YES_AGGRESSIVE;
				CLANG_CXX_LANGUAGE_STANDARD = "gnu++0x";
				CLANG_CXX_LIBRARY = "libc++";
				CLANG_ENABLE_MODULES = YES;
				CLANG_ENABLE_OBJC_ARC = YES;
				CLANG_WARN_BOOL_CONVERSION = YES;
				CLANG_WARN_CONSTANT_CONVERSION = YES;
				CLANG_WARN_DIRECT_OBJC_ISA_USAGE = YES_ERROR;
				CLANG_WARN_DOCUMENTATION_COMMENTS = YES;
				CLANG_WARN_EMPTY_BODY = YES;
				CLANG_WARN_ENUM_CONVERSION = YES;
				CLANG_WARN_INFINITE_RECURSION = YES;
				CLANG_WARN_INT_CONVERSION = YES;
				CLANG_WARN_OBJC_ROOT_CLASS = YES_ERROR;
				CLANG_WARN_SUSPICIOUS_MOVE = YES;
				CLANG_WARN_UNREACHABLE_CODE = YES;
				CLANG_WARN__DUPLICATE_METHOD_MATCH = YES;
				"CODE_SIGN_IDENTITY[sdk=iphoneos*]" = "iPhone Developer";
				COPY_PHASE_STRIP = NO;
				DEBUG_INFORMATION_FORMAT = "dwarf-with-dsym";
				ENABLE_NS_ASSERTIONS = NO;
				ENABLE_STRICT_OBJC_MSGSEND = YES;
				GCC_C_LANGUAGE_STANDARD = gnu99;
				GCC_NO_COMMON_BLOCKS = YES;
				GCC_WARN_64_TO_32_BIT_CONVERSION = YES;
				GCC_WARN_ABOUT_RETURN_TYPE = YES_ERROR;
				GCC_WARN_UNDECLARED_SELECTOR = YES;
				GCC_WARN_UNINITIALIZED_AUTOS = YES_AGGRESSIVE;
				GCC_WARN_UNUSED_FUNCTION = YES;
				GCC_WARN_UNUSED_VARIABLE = YES;
				IPHONEOS_DEPLOYMENT_TARGET = 10.3;
				MTL_ENABLE_DEBUG_INFO = NO;
				SDKROOT = iphoneos;
				SWIFT_OPTIMIZATION_LEVEL = "-Owholemodule";
				TARGETED_DEVICE_FAMILY = "1,2";
				VALIDATE_PRODUCT = YES;
			};
			name = Release;
		};
		D3366BBC1EB62FBF00E2B81A /* Debug */ = {
			isa = XCBuildConfiguration;
			buildSettings = {
				ASSETCATALOG_COMPILER_APPICON_NAME = AppIcon;
				DEVELOPMENT_TEAM = XYXUBB6DQ5;
				INFOPLIST_FILE = Soundboard/Info.plist;
				LD_RUNPATH_SEARCH_PATHS = "$(inherited) @executable_path/Frameworks";
				PRODUCT_BUNDLE_IDENTIFIER = "laura-s-app.Soundboard";
				PRODUCT_NAME = "$(TARGET_NAME)";
				SWIFT_VERSION = 3.0;
			};
			name = Debug;
		};
		D3366BBD1EB62FBF00E2B81A /* Release */ = {
			isa = XCBuildConfiguration;
			buildSettings = {
				ASSETCATALOG_COMPILER_APPICON_NAME = AppIcon;
				DEVELOPMENT_TEAM = XYXUBB6DQ5;
				INFOPLIST_FILE = Soundboard/Info.plist;
				LD_RUNPATH_SEARCH_PATHS = "$(inherited) @executable_path/Frameworks";
				PRODUCT_BUNDLE_IDENTIFIER = "laura-s-app.Soundboard";
				PRODUCT_NAME = "$(TARGET_NAME)";
				SWIFT_VERSION = 3.0;
			};
			name = Release;
		};
/* End XCBuildConfiguration section */

/* Begin XCConfigurationList section */
		D3366BA11EB62FBF00E2B81A /* Build configuration list for PBXProject "Soundboard" */ = {
			isa = XCConfigurationList;
			buildConfigurations = (
				D3366BB91EB62FBF00E2B81A /* Debug */,
				D3366BBA1EB62FBF00E2B81A /* Release */,
			);
			defaultConfigurationIsVisible = 0;
			defaultConfigurationName = Release;
		};
		D3366BBB1EB62FBF00E2B81A /* Build configuration list for PBXNativeTarget "Soundboard" */ = {
			isa = XCConfigurationList;
			buildConfigurations = (
				D3366BBC1EB62FBF00E2B81A /* Debug */,
				D3366BBD1EB62FBF00E2B81A /* Release */,
			);
			defaultConfigurationIsVisible = 0;
		};
/* End XCConfigurationList section */

/* Begin XCVersionGroup section */
		D3366BB01EB62FBF00E2B81A /* Soundboard.xcdatamodeld */ = {
			isa = XCVersionGroup;
			children = (
				D3366BB11EB62FBF00E2B81A /* Soundboard.xcdatamodel */,
			);
			currentVersion = D3366BB11EB62FBF00E2B81A /* Soundboard.xcdatamodel */;
			path = Soundboard.xcdatamodeld;
			sourceTree = "<group>";
			versionGroupType = wrapper.xcdatamodel;
		};
/* End XCVersionGroup section */
	};
	rootObject = D3366B9E1EB62FBF00E2B81A /* Project object */;
}
